
Microsoft Visual Studio Solution File, Format Version 12.00
# Visual Studio 14
VisualStudioVersion = 14.0.25420.1
MinimumVisualStudioVersion = 10.0.40219.1
Project("{8BC9CEB8-8B4A-11D0-8D11-00A0C91BC942}") = "IRP练习及控制码方式通讯练习Ring0", "IRP练习及控制码方式通讯练习Ring0\DriverTest.vcxproj", "{A9408950-F2F4-4185-BBDC-1E059059FDFD}"
EndProject
Project("{8BC9CEB8-8B4A-11D0-8D11-00A0C91BC942}") = "IRP练习及控制码方式通讯练习Ring3", "IRP练习及控制码方式通讯练习Ring3\IRP练习及控制码方式通讯练习.vcxproj", "{2A1D34CA-0ED0-4707-AA30-F7300EB9C084}"
EndProject
Project("{8BC9CEB8-8B4A-11D0-8D11-00A0C91BC942}") = "SSDT_Hook", "SSDT_Hook\SSDT_Hook.vcxproj", "{44D19B1C-6A65-494D-B1C1-52CB202EB973}"
EndProject
Project("{8BC9CEB8-8B4A-11D0-8D11-00A0C91BC942}") = "重载内核", "重载内核\重载内核.vcxproj", "{344EB3F9-D165-4B2F-BD87-A07573D986EC}"
EndProject
Global
	GlobalSection(SolutionConfigurationPlatforms) = preSolution
		Debug|ARM = Debug|ARM
		Debug|ARM64 = Debug|ARM64
		Debug|x64 = Debug|x64
		Debug|x86 = Debug|x86
		Release|ARM = Release|ARM
		Release|ARM64 = Release|ARM64
		Release|x64 = Release|x64
		Release|x86 = Release|x86
	EndGlobalSection
	GlobalSection(ProjectConfigurationPlatforms) = postSolution
		{A9408950-F2F4-4185-BBDC-1E059059FDFD}.Debug|ARM.ActiveCfg = Debug|ARM
		{A9408950-F2F4-4185-BBDC-1E059059FDFD}.Debug|ARM.Build.0 = Debug|ARM
		{A9408950-F2F4-4185-BBDC-1E059059FDFD}.Debug|ARM.Deploy.0 = Debug|ARM
		{A9408950-F2F4-4185-BBDC-1E059059FDFD}.Debug|ARM64.ActiveCfg = Debug|ARM64
		{A9408950-F2F4-4185-BBDC-1E059059FDFD}.Debug|ARM64.Build.0 = Debug|ARM64
		{A9408950-F2F4-4185-BBDC-1E059059FDFD}.Debug|ARM64.Deploy.0 = Debug|ARM64
		{A9408950-F2F4-4185-BBDC-1E059059FDFD}.Debug|x64.ActiveCfg = Debug|x64
		{A9408950-F2F4-4185-BBDC-1E059059FDFD}.Debug|x64.Build.0 = Debug|x64
		{A9408950-F2F4-4185-BBDC-1E059059FDFD}.Debug|x64.Deploy.0 = Debug|x64
		{A9408950-F2F4-4185-BBDC-1E059059FDFD}.Debug|x86.ActiveCfg = Debug|Win32
		{A9408950-F2F4-4185-BBDC-1E059059FDFD}.Debug|x86.Build.0 = Debug|Win32
		{A9408950-F2F4-4185-BBDC-1E059059FDFD}.Debug|x86.Deploy.0 = Debug|Win32
		{A9408950-F2F4-4185-BBDC-1E059059FDFD}.Release|ARM.ActiveCfg = Release|ARM
		{A9408950-F2F4-4185-BBDC-1E059059FDFD}.Release|ARM.Build.0 = Release|ARM
		{A9408950-F2F4-4185-BBDC-1E059059FDFD}.Release|ARM.Deploy.0 = Release|ARM
		{A9408950-F2F4-4185-BBDC-1E059059FDFD}.Release|ARM64.ActiveCfg = Release|ARM64
		{A9408950-F2F4-4185-BBDC-1E059059FDFD}.Release|ARM64.Build.0 = Release|ARM64
		{A9408950-F2F4-4185-BBDC-1E059059FDFD}.Release|ARM64.Deploy.0 = Release|ARM64
		{A9408950-F2F4-4185-BBDC-1E059059FDFD}.Release|x64.ActiveCfg = Release|x64
		{A9408950-F2F4-4185-BBDC-1E059059FDFD}.Release|x64.Build.0 = Release|x64
		{A9408950-F2F4-4185-BBDC-1E059059FDFD}.Release|x64.Deploy.0 = Release|x64
		{A9408950-F2F4-4185-BBDC-1E059059FDFD}.Release|x86.ActiveCfg = Release|Win32
		{A9408950-F2F4-4185-BBDC-1E059059FDFD}.Release|x86.Build.0 = Release|Win32
		{A9408950-F2F4-4185-BBDC-1E059059FDFD}.Release|x86.Deploy.0 = Release|Win32
		{2A1D34CA-0ED0-4707-AA30-F7300EB9C084}.Debug|ARM.ActiveCfg = Debug|Win32
		{2A1D34CA-0ED0-4707-AA30-F7300EB9C084}.Debug|ARM64.ActiveCfg = Debug|Win32
		{2A1D34CA-0ED0-4707-AA30-F7300EB9C084}.Debug|x64.ActiveCfg = Debug|x64
		{2A1D34CA-0ED0-4707-AA30-F7300EB9C084}.Debug|x64.Build.0 = Debug|x64
		{2A1D34CA-0ED0-4707-AA30-F7300EB9C084}.Debug|x86.ActiveCfg = Debug|Win32
		{2A1D34CA-0ED0-4707-AA30-F7300EB9C084}.Debug|x86.Build.0 = Debug|Win32
		{2A1D34CA-0ED0-4707-AA30-F7300EB9C084}.Release|ARM.ActiveCfg = Release|Win32
		{2A1D34CA-0ED0-4707-AA30-F7300EB9C084}.Release|ARM64.ActiveCfg = Release|Win32
		{2A1D34CA-0ED0-4707-AA30-F7300EB9C084}.Release|x64.ActiveCfg = Release|x64
		{2A1D34CA-0ED0-4707-AA30-F7300EB9C084}.Release|x64.Build.0 = Release|x64
		{2A1D34CA-0ED0-4707-AA30-F7300EB9C084}.Release|x86.ActiveCfg = Release|Win32
		{2A1D34CA-0ED0-4707-AA30-F7300EB9C084}.Release|x86.Build.0 = Release|Win32
		{44D19B1C-6A65-494D-B1C1-52CB202EB973}.Debug|ARM.ActiveCfg = Debug|ARM
		{44D19B1C-6A65-494D-B1C1-52CB202EB973}.Debug|ARM.Build.0 = Debug|ARM
		{44D19B1C-6A65-494D-B1C1-52CB202EB973}.Debug|ARM.Deploy.0 = Debug|ARM
		{44D19B1C-6A65-494D-B1C1-52CB202EB973}.Debug|ARM64.ActiveCfg = Debug|ARM64
		{44D19B1C-6A65-494D-B1C1-52CB202EB973}.Debug|ARM64.Build.0 = Debug|ARM64
		{44D19B1C-6A65-494D-B1C1-52CB202EB973}.Debug|ARM64.Deploy.0 = Debug|ARM64
		{44D19B1C-6A65-494D-B1C1-52CB202EB973}.Debug|x64.ActiveCfg = Debug|x64
		{44D19B1C-6A65-494D-B1C1-52CB202EB973}.Debug|x64.Build.0 = Debug|x64
		{44D19B1C-6A65-494D-B1C1-52CB202EB973}.Debug|x64.Deploy.0 = Debug|x64
		{44D19B1C-6A65-494D-B1C1-52CB202EB973}.Debug|x86.ActiveCfg = Debug|Win32
		{44D19B1C-6A65-494D-B1C1-52CB202EB973}.Debug|x86.Build.0 = Debug|Win32
		{44D19B1C-6A65-494D-B1C1-52CB202EB973}.Debug|x86.Deploy.0 = Debug|Win32
		{44D19B1C-6A65-494D-B1C1-52CB202EB973}.Release|ARM.ActiveCfg = Release|ARM
		{44D19B1C-6A65-494D-B1C1-52CB202EB973}.Release|ARM.Build.0 = Release|ARM
		{44D19B1C-6A65-494D-B1C1-52CB202EB973}.Release|ARM.Deploy.0 = Release|ARM
		{44D19B1C-6A65-494D-B1C1-52CB202EB973}.Release|ARM64.ActiveCfg = Release|ARM64
		{44D19B1C-6A65-494D-B1C1-52CB202EB973}.Release|ARM64.Build.0 = Release|ARM64
		{44D19B1C-6A65-494D-B1C1-52CB202EB973}.Release|ARM64.Deploy.0 = Release|ARM64
		{44D19B1C-6A65-494D-B1C1-52CB202EB973}.Release|x64.ActiveCfg = Release|x64
		{44D19B1C-6A65-494D-B1C1-52CB202EB973}.Release|x64.Build.0 = Release|x64
		{44D19B1C-6A65-494D-B1C1-52CB202EB973}.Release|x64.Deploy.0 = Release|x64
		{44D19B1C-6A65-494D-B1C1-52CB202EB973}.Release|x86.ActiveCfg = Release|Win32
		{44D19B1C-6A65-494D-B1C1-52CB202EB973}.Release|x86.Build.0 = Release|Win32
		{44D19B1C-6A65-494D-B1C1-52CB202EB973}.Release|x86.Deploy.0 = Release|Win32
		{344EB3F9-D165-4B2F-BD87-A07573D986EC}.Debug|ARM.ActiveCfg = Debug|ARM
		{344EB3F9-D165-4B2F-BD87-A07573D986EC}.Debug|ARM.Build.0 = Debug|ARM
		{344EB3F9-D165-4B2F-BD87-A07573D986EC}.Debug|ARM.Deploy.0 = Debug|ARM
		{344EB3F9-D165-4B2F-BD87-A07573D986EC}.Debug|ARM64.ActiveCfg = Debug|ARM64
		{344EB3F9-D165-4B2F-BD87-A07573D986EC}.Debug|ARM64.Build.0 = Debug|ARM64
		{344EB3F9-D165-4B2F-BD87-A07573D986EC}.Debug|ARM64.Deploy.0 = Debug|ARM64
		{344EB3F9-D165-4B2F-BD87-A07573D986EC}.Debug|x64.ActiveCfg = Debug|x64
		{344EB3F9-D165-4B2F-BD87-A07573D986EC}.Debug|x64.Build.0 = Debug|x64
		{344EB3F9-D165-4B2F-BD87-A07573D986EC}.Debug|x64.Deploy.0 = Debug|x64
		{344EB3F9-D165-4B2F-BD87-A07573D986EC}.Debug|x86.ActiveCfg = Debug|Win32
		{344EB3F9-D165-4B2F-BD87-A07573D986EC}.Debug|x86.Build.0 = Debug|Win32
		{344EB3F9-D165-4B2F-BD87-A07573D986EC}.Debug|x86.Deploy.0 = Debug|Win32
		{344EB3F9-D165-4B2F-BD87-A07573D986EC}.Release|ARM.ActiveCfg = Release|ARM
		{344EB3F9-D165-4B2F-BD87-A07573D986EC}.Release|ARM.Build.0 = Release|ARM
		{344EB3F9-D165-4B2F-BD87-A07573D986EC}.Release|ARM.Deploy.0 = Release|ARM
		{344EB3F9-D165-4B2F-BD87-A07573D986EC}.Release|ARM64.ActiveCfg = Release|ARM64
		{344EB3F9-D165-4B2F-BD87-A07573D986EC}.Release|ARM64.Build.0 = Release|ARM64
		{344EB3F9-D165-4B2F-BD87-A07573D986EC}.Release|ARM64.Deploy.0 = Release|ARM64
		{344EB3F9-D165-4B2F-BD87-A07573D986EC}.Release|x64.ActiveCfg = Release|x64
		{344EB3F9-D165-4B2F-BD87-A07573D986EC}.Release|x64.Build.0 = Release|x64
		{344EB3F9-D165-4B2F-BD87-A07573D986EC}.Release|x64.Deploy.0 = Release|x64
		{344EB3F9-D165-4B2F-BD87-A07573D986EC}.Release|x86.ActiveCfg = Release|Win32
		{344EB3F9-D165-4B2F-BD87-A07573D986EC}.Release|x86.Build.0 = Release|Win32
		{344EB3F9-D165-4B2F-BD87-A07573D986EC}.Release|x86.Deploy.0 = Release|Win32
	EndGlobalSection
	GlobalSection(SolutionProperties) = preSolution
		HideSolutionNode = FALSE
	EndGlobalSection
EndGlobal
